// !$*UTF8*$!
{
	archiveVersion = 1;
	classes = {
	};
	objectVersion = 50;
	objects = {

/* Begin PBXBuildFile section */
		83188CD5213449D0001A9338 /* ReactiveSwift.framework in Frameworks */ = {isa = PBXBuildFile; fileRef = 83188CD3213449CF001A9338 /* ReactiveSwift.framework */; };
		83188CD6213449D0001A9338 /* Result.framework in Frameworks */ = {isa = PBXBuildFile; fileRef = 83188CD4213449D0001A9338 /* Result.framework */; };
		83188CE721344ECF001A9338 /* Result.framework in Frameworks */ = {isa = PBXBuildFile; fileRef = 83188CD4213449D0001A9338 /* Result.framework */; };
		83188CE821344ECF001A9338 /* ReactiveSwift.framework in Frameworks */ = {isa = PBXBuildFile; fileRef = 83188CD3213449CF001A9338 /* ReactiveSwift.framework */; };
		83188CE921344ECF001A9338 /* Quick.framework in Frameworks */ = {isa = PBXBuildFile; fileRef = 83188CD7213449DF001A9338 /* Quick.framework */; };
		83188CEA21344ECF001A9338 /* Nimble.framework in Frameworks */ = {isa = PBXBuildFile; fileRef = 83188CD8213449DF001A9338 /* Nimble.framework */; };
		8320CCB7211564E5003E9792 /* AppDelegate.swift in Sources */ = {isa = PBXBuildFile; fileRef = 8320CCB6211564E5003E9792 /* AppDelegate.swift */; };
		8320CCBC211564E5003E9792 /* Main.storyboard in Resources */ = {isa = PBXBuildFile; fileRef = 8320CCBA211564E5003E9792 /* Main.storyboard */; };
		8320CCBE211564E9003E9792 /* Assets.xcassets in Resources */ = {isa = PBXBuildFile; fileRef = 8320CCBD211564E9003E9792 /* Assets.xcassets */; };
		8320CCC1211564E9003E9792 /* LaunchScreen.storyboard in Resources */ = {isa = PBXBuildFile; fileRef = 8320CCBF211564E9003E9792 /* LaunchScreen.storyboard */; };
		8320CCC9211564F9003E9792 /* Redux.swift in Sources */ = {isa = PBXBuildFile; fileRef = 8320CCC8211564F9003E9792 /* Redux.swift */; };
		833607702124D43500812EB3 /* Player.swift in Sources */ = {isa = PBXBuildFile; fileRef = 8336076F2124D43500812EB3 /* Player.swift */; };
		833607752124E1F300812EB3 /* GameViewController.swift in Sources */ = {isa = PBXBuildFile; fileRef = 833607742124E1F300812EB3 /* GameViewController.swift */; };
		833607782124E98400812EB3 /* Point.swift in Sources */ = {isa = PBXBuildFile; fileRef = 833607772124E98400812EB3 /* Point.swift */; };
		8336077A2124E9ED00812EB3 /* Game.swift in Sources */ = {isa = PBXBuildFile; fileRef = 833607792124E9ED00812EB3 /* Game.swift */; };
		8336077C2124EA0200812EB3 /* Square.swift in Sources */ = {isa = PBXBuildFile; fileRef = 8336077B2124EA0200812EB3 /* Square.swift */; };
		8336077E2124EA1400812EB3 /* Tile.swift in Sources */ = {isa = PBXBuildFile; fileRef = 8336077D2124EA1400812EB3 /* Tile.swift */; };
		83476DF62120A0A700BE5349 /* GameState.swift in Sources */ = {isa = PBXBuildFile; fileRef = 83476DF52120A0A700BE5349 /* GameState.swift */; };
		83476DFE2120ABF700BE5349 /* WordMatrixTests.swift in Sources */ = {isa = PBXBuildFile; fileRef = 83476DFD2120ABF700BE5349 /* WordMatrixTests.swift */; };
		83476E062120AC5500BE5349 /* GameStateSpec.swift in Sources */ = {isa = PBXBuildFile; fileRef = 83476E052120AC5500BE5349 /* GameStateSpec.swift */; };
		83476E0A2120E57F00BE5349 /* SequenceSpec.swift in Sources */ = {isa = PBXBuildFile; fileRef = 83476E092120E57F00BE5349 /* SequenceSpec.swift */; };
		83476E0C2120E89400BE5349 /* PointSpec.swift in Sources */ = {isa = PBXBuildFile; fileRef = 83476E0B2120E89400BE5349 /* PointSpec.swift */; };
		83476E1221220E2200BE5349 /* Sequence+Int.swift in Sources */ = {isa = PBXBuildFile; fileRef = 83476E1121220E2200BE5349 /* Sequence+Int.swift */; };
		83F51F4B2128D85600D0DC0F /* Solution.swift in Sources */ = {isa = PBXBuildFile; fileRef = 83F51F4A2128D85600D0DC0F /* Solution.swift */; };
/* End PBXBuildFile section */

/* Begin PBXContainerItemProxy section */
		83476E002120ABF700BE5349 /* PBXContainerItemProxy */ = {
			isa = PBXContainerItemProxy;
			containerPortal = 8320CCAB211564E5003E9792 /* Project object */;
			proxyType = 1;
			remoteGlobalIDString = 8320CCB2211564E5003E9792;
			remoteInfo = WordMatrix;
		};
/* End PBXContainerItemProxy section */

/* Begin PBXFileReference section */
		83188CD3213449CF001A9338 /* ReactiveSwift.framework */ = {isa = PBXFileReference; lastKnownFileType = wrapper.framework; name = ReactiveSwift.framework; path = Carthage/Build/iOS/ReactiveSwift.framework; sourceTree = "<group>"; };
		83188CD4213449D0001A9338 /* Result.framework */ = {isa = PBXFileReference; lastKnownFileType = wrapper.framework; name = Result.framework; path = Carthage/Build/iOS/Result.framework; sourceTree = "<group>"; };
		83188CD7213449DF001A9338 /* Quick.framework */ = {isa = PBXFileReference; lastKnownFileType = wrapper.framework; name = Quick.framework; path = Carthage/Build/iOS/Quick.framework; sourceTree = "<group>"; };
		83188CD8213449DF001A9338 /* Nimble.framework */ = {isa = PBXFileReference; lastKnownFileType = wrapper.framework; name = Nimble.framework; path = Carthage/Build/iOS/Nimble.framework; sourceTree = "<group>"; };
		8320CCB3211564E5003E9792 /* WordMatrix.app */ = {isa = PBXFileReference; explicitFileType = wrapper.application; includeInIndex = 0; path = WordMatrix.app; sourceTree = BUILT_PRODUCTS_DIR; };
		8320CCB6211564E5003E9792 /* AppDelegate.swift */ = {isa = PBXFileReference; lastKnownFileType = sourcecode.swift; path = AppDelegate.swift; sourceTree = "<group>"; };
		8320CCBB211564E5003E9792 /* Base */ = {isa = PBXFileReference; lastKnownFileType = file.storyboard; name = Base; path = Base.lproj/Main.storyboard; sourceTree = "<group>"; };
		8320CCBD211564E9003E9792 /* Assets.xcassets */ = {isa = PBXFileReference; lastKnownFileType = folder.assetcatalog; path = Assets.xcassets; sourceTree = "<group>"; };
		8320CCC0211564E9003E9792 /* Base */ = {isa = PBXFileReference; lastKnownFileType = file.storyboard; name = Base; path = Base.lproj/LaunchScreen.storyboard; sourceTree = "<group>"; };
		8320CCC2211564E9003E9792 /* Info.plist */ = {isa = PBXFileReference; lastKnownFileType = text.plist.xml; path = Info.plist; sourceTree = "<group>"; };
		8320CCC8211564F9003E9792 /* Redux.swift */ = {isa = PBXFileReference; lastKnownFileType = sourcecode.swift; path = Redux.swift; sourceTree = "<group>"; };
		8336076F2124D43500812EB3 /* Player.swift */ = {isa = PBXFileReference; lastKnownFileType = sourcecode.swift; path = Player.swift; sourceTree = "<group>"; };
		833607742124E1F300812EB3 /* GameViewController.swift */ = {isa = PBXFileReference; lastKnownFileType = sourcecode.swift; path = GameViewController.swift; sourceTree = "<group>"; };
		833607772124E98400812EB3 /* Point.swift */ = {isa = PBXFileReference; lastKnownFileType = sourcecode.swift; path = Point.swift; sourceTree = "<group>"; };
		833607792124E9ED00812EB3 /* Game.swift */ = {isa = PBXFileReference; lastKnownFileType = sourcecode.swift; path = Game.swift; sourceTree = "<group>"; };
		8336077B2124EA0200812EB3 /* Square.swift */ = {isa = PBXFileReference; lastKnownFileType = sourcecode.swift; path = Square.swift; sourceTree = "<group>"; };
		8336077D2124EA1400812EB3 /* Tile.swift */ = {isa = PBXFileReference; lastKnownFileType = sourcecode.swift; path = Tile.swift; sourceTree = "<group>"; };
		83476DF52120A0A700BE5349 /* GameState.swift */ = {isa = PBXFileReference; lastKnownFileType = sourcecode.swift; path = GameState.swift; sourceTree = "<group>"; };
		83476DFB2120ABF700BE5349 /* WordMatrixTests.xctest */ = {isa = PBXFileReference; explicitFileType = wrapper.cfbundle; includeInIndex = 0; path = WordMatrixTests.xctest; sourceTree = BUILT_PRODUCTS_DIR; };
		83476DFD2120ABF700BE5349 /* WordMatrixTests.swift */ = {isa = PBXFileReference; lastKnownFileType = sourcecode.swift; path = WordMatrixTests.swift; sourceTree = "<group>"; };
		83476DFF2120ABF700BE5349 /* Info.plist */ = {isa = PBXFileReference; lastKnownFileType = text.plist.xml; path = Info.plist; sourceTree = "<group>"; };
		83476E052120AC5500BE5349 /* GameStateSpec.swift */ = {isa = PBXFileReference; lastKnownFileType = sourcecode.swift; path = GameStateSpec.swift; sourceTree = "<group>"; };
		83476E092120E57F00BE5349 /* SequenceSpec.swift */ = {isa = PBXFileReference; lastKnownFileType = sourcecode.swift; path = SequenceSpec.swift; sourceTree = "<group>"; };
		83476E0B2120E89400BE5349 /* PointSpec.swift */ = {isa = PBXFileReference; lastKnownFileType = sourcecode.swift; path = PointSpec.swift; sourceTree = "<group>"; };
		83476E1121220E2200BE5349 /* Sequence+Int.swift */ = {isa = PBXFileReference; lastKnownFileType = sourcecode.swift; path = "Sequence+Int.swift"; sourceTree = "<group>"; };
		83F51F4A2128D85600D0DC0F /* Solution.swift */ = {isa = PBXFileReference; lastKnownFileType = sourcecode.swift; path = Solution.swift; sourceTree = "<group>"; };
/* End PBXFileReference section */

/* Begin PBXFrameworksBuildPhase section */
		8320CCB0211564E5003E9792 /* Frameworks */ = {
			isa = PBXFrameworksBuildPhase;
			buildActionMask = 2147483647;
			files = (
				83188CD5213449D0001A9338 /* ReactiveSwift.framework in Frameworks */,
				83188CD6213449D0001A9338 /* Result.framework in Frameworks */,
			);
			runOnlyForDeploymentPostprocessing = 0;
		};
		83476DF82120ABF700BE5349 /* Frameworks */ = {
			isa = PBXFrameworksBuildPhase;
			buildActionMask = 2147483647;
			files = (
				83188CE721344ECF001A9338 /* Result.framework in Frameworks */,
				83188CE821344ECF001A9338 /* ReactiveSwift.framework in Frameworks */,
				83188CE921344ECF001A9338 /* Quick.framework in Frameworks */,
				83188CEA21344ECF001A9338 /* Nimble.framework in Frameworks */,
			);
			runOnlyForDeploymentPostprocessing = 0;
		};
/* End PBXFrameworksBuildPhase section */

/* Begin PBXGroup section */
		8320CCAA211564E5003E9792 = {
			isa = PBXGroup;
			children = (
				8320CCB5211564E5003E9792 /* WordMatrix */,
				83476DFC2120ABF700BE5349 /* WordMatrixTests */,
				8320CCB4211564E5003E9792 /* Products */,
				F32409796A25C862516ABE58 /* Frameworks */,
			);
			sourceTree = "<group>";
		};
		8320CCB4211564E5003E9792 /* Products */ = {
			isa = PBXGroup;
			children = (
				8320CCB3211564E5003E9792 /* WordMatrix.app */,
				83476DFB2120ABF700BE5349 /* WordMatrixTests.xctest */,
			);
			name = Products;
			sourceTree = "<group>";
		};
		8320CCB5211564E5003E9792 /* WordMatrix */ = {
			isa = PBXGroup;
			children = (
				83476DEC212061B800BE5349 /* State */,
				83476DEB212061A100BE5349 /* View */,
				8320CCB6211564E5003E9792 /* AppDelegate.swift */,
				8320CCBA211564E5003E9792 /* Main.storyboard */,
				8320CCBD211564E9003E9792 /* Assets.xcassets */,
				8320CCBF211564E9003E9792 /* LaunchScreen.storyboard */,
				8320CCC2211564E9003E9792 /* Info.plist */,
			);
			path = WordMatrix;
			sourceTree = "<group>";
		};
		833607762124E97800812EB3 /* Model */ = {
			isa = PBXGroup;
			children = (
				833607792124E9ED00812EB3 /* Game.swift */,
				8336076F2124D43500812EB3 /* Player.swift */,
				833607772124E98400812EB3 /* Point.swift */,
				83F51F4A2128D85600D0DC0F /* Solution.swift */,
				8336077B2124EA0200812EB3 /* Square.swift */,
				8336077D2124EA1400812EB3 /* Tile.swift */,
			);
			path = Model;
			sourceTree = "<group>";
		};
		83476DEB212061A100BE5349 /* View */ = {
			isa = PBXGroup;
			children = (
				833607742124E1F300812EB3 /* GameViewController.swift */,
			);
			path = View;
			sourceTree = "<group>";
		};
		83476DEC212061B800BE5349 /* State */ = {
			isa = PBXGroup;
			children = (
				8320CCC8211564F9003E9792 /* Redux.swift */,
				833607762124E97800812EB3 /* Model */,
				83476E1121220E2200BE5349 /* Sequence+Int.swift */,
				83476DF52120A0A700BE5349 /* GameState.swift */,
			);
			path = State;
			sourceTree = "<group>";
		};
		83476DFC2120ABF700BE5349 /* WordMatrixTests */ = {
			isa = PBXGroup;
			children = (
				83476DFD2120ABF700BE5349 /* WordMatrixTests.swift */,
				83476E052120AC5500BE5349 /* GameStateSpec.swift */,
				83476E0B2120E89400BE5349 /* PointSpec.swift */,
				83476E092120E57F00BE5349 /* SequenceSpec.swift */,
				83476DFF2120ABF700BE5349 /* Info.plist */,
			);
			path = WordMatrixTests;
			sourceTree = "<group>";
		};
		F32409796A25C862516ABE58 /* Frameworks */ = {
			isa = PBXGroup;
			children = (
				83188CD8213449DF001A9338 /* Nimble.framework */,
				83188CD7213449DF001A9338 /* Quick.framework */,
				83188CD3213449CF001A9338 /* ReactiveSwift.framework */,
				83188CD4213449D0001A9338 /* Result.framework */,
			);
			name = Frameworks;
			sourceTree = "<group>";
		};
/* End PBXGroup section */

/* Begin PBXNativeTarget section */
		8320CCB2211564E5003E9792 /* WordMatrix */ = {
			isa = PBXNativeTarget;
			buildConfigurationList = 8320CCC5211564E9003E9792 /* Build configuration list for PBXNativeTarget "WordMatrix" */;
			buildPhases = (
				8320CCAF211564E5003E9792 /* Sources */,
				8320CCB0211564E5003E9792 /* Frameworks */,
				8320CCB1211564E5003E9792 /* Resources */,
				83188CE521344D7F001A9338 /* ShellScript */,
			);
			buildRules = (
			);
			dependencies = (
			);
			name = WordMatrix;
			productName = WordMatrix;
			productReference = 8320CCB3211564E5003E9792 /* WordMatrix.app */;
			productType = "com.apple.product-type.application";
		};
		83476DFA2120ABF700BE5349 /* WordMatrixTests */ = {
			isa = PBXNativeTarget;
			buildConfigurationList = 83476E022120ABF700BE5349 /* Build configuration list for PBXNativeTarget "WordMatrixTests" */;
			buildPhases = (
				83476DF72120ABF700BE5349 /* Sources */,
				83476DF82120ABF700BE5349 /* Frameworks */,
				83476DF92120ABF700BE5349 /* Resources */,
				83188CED213451E4001A9338 /* ShellScript */,
			);
			buildRules = (
			);
			dependencies = (
				83476E012120ABF700BE5349 /* PBXTargetDependency */,
			);
			name = WordMatrixTests;
			productName = WordMatrixTests;
			productReference = 83476DFB2120ABF700BE5349 /* WordMatrixTests.xctest */;
			productType = "com.apple.product-type.bundle.unit-test";
		};
/* End PBXNativeTarget section */

/* Begin PBXProject section */
		8320CCAB211564E5003E9792 /* Project object */ = {
			isa = PBXProject;
			attributes = {
				LastSwiftUpdateCheck = 0940;
				LastUpgradeCheck = 0940;
				ORGANIZATIONNAME = CJNevin;
				TargetAttributes = {
					8320CCB2211564E5003E9792 = {
						CreatedOnToolsVersion = 9.4;
						LastSwiftMigration = 1000;
					};
					83476DFA2120ABF700BE5349 = {
						CreatedOnToolsVersion = 9.4;
						LastSwiftMigration = 1000;
						TestTargetID = 8320CCB2211564E5003E9792;
					};
				};
			};
			buildConfigurationList = 8320CCAE211564E5003E9792 /* Build configuration list for PBXProject "WordMatrix" */;
			compatibilityVersion = "Xcode 9.3";
			developmentRegion = en;
			hasScannedForEncodings = 0;
			knownRegions = (
				en,
				Base,
			);
			mainGroup = 8320CCAA211564E5003E9792;
			productRefGroup = 8320CCB4211564E5003E9792 /* Products */;
			projectDirPath = "";
			projectRoot = "";
			targets = (
				8320CCB2211564E5003E9792 /* WordMatrix */,
				83476DFA2120ABF700BE5349 /* WordMatrixTests */,
			);
		};
/* End PBXProject section */

/* Begin PBXResourcesBuildPhase section */
		8320CCB1211564E5003E9792 /* Resources */ = {
			isa = PBXResourcesBuildPhase;
			buildActionMask = 2147483647;
			files = (
				8320CCC1211564E9003E9792 /* LaunchScreen.storyboard in Resources */,
				8320CCBE211564E9003E9792 /* Assets.xcassets in Resources */,
				8320CCBC211564E5003E9792 /* Main.storyboard in Resources */,
			);
			runOnlyForDeploymentPostprocessing = 0;
		};
		83476DF92120ABF700BE5349 /* Resources */ = {
			isa = PBXResourcesBuildPhase;
			buildActionMask = 2147483647;
			files = (
			);
			runOnlyForDeploymentPostprocessing = 0;
		};
/* End PBXResourcesBuildPhase section */

/* Begin PBXShellScriptBuildPhase section */
		83188CE521344D7F001A9338 /* ShellScript */ = {
			isa = PBXShellScriptBuildPhase;
			buildActionMask = 2147483647;
			files = (
			);
			inputFileListPaths = (
			);
			inputPaths = (
				"$(SRCROOT)/Carthage/Build/iOS/Result.framework",
				"$(SRCROOT)/Carthage/Build/iOS/ReactiveSwift.framework",
			);
			outputFileListPaths = (
			);
			outputPaths = (
				"$(BUILD_PRODUCTS_DIR)/$(FRAMEWORKS_FOLDER_PATH)/Result.framework",
				"$(BUILD_PRODUCTS_DIR)/$(FRAMEWORKS_FOLDER_PATH)/ReactiveSwift.framework",
			);
			runOnlyForDeploymentPostprocessing = 0;
			shellPath = /bin/sh;
			shellScript = "/usr/local/bin/carthage copy-frameworks\n";
		};
		83188CED213451E4001A9338 /* ShellScript */ = {
			isa = PBXShellScriptBuildPhase;
			buildActionMask = 2147483647;
			files = (
			);
			inputFileListPaths = (
			);
			inputPaths = (
				"$(SRCROOT)/Carthage/Build/iOS/Quick.framework",
				"$(SRCROOT)/Carthage/Build/iOS/Nimble.framework",
			);
			outputFileListPaths = (
			);
			outputPaths = (
			);
			runOnlyForDeploymentPostprocessing = 0;
			shellPath = /bin/sh;
			shellScript = "/usr/local/bin/carthage copy-frameworks\n";
		};
/* End PBXShellScriptBuildPhase section */

/* Begin PBXSourcesBuildPhase section */
		8320CCAF211564E5003E9792 /* Sources */ = {
			isa = PBXSourcesBuildPhase;
			buildActionMask = 2147483647;
			files = (
				833607702124D43500812EB3 /* Player.swift in Sources */,
				83476E1221220E2200BE5349 /* Sequence+Int.swift in Sources */,
				833607752124E1F300812EB3 /* GameViewController.swift in Sources */,
				833607782124E98400812EB3 /* Point.swift in Sources */,
				83F51F4B2128D85600D0DC0F /* Solution.swift in Sources */,
				8320CCB7211564E5003E9792 /* AppDelegate.swift in Sources */,
				83476DF62120A0A700BE5349 /* GameState.swift in Sources */,
				8336077C2124EA0200812EB3 /* Square.swift in Sources */,
				8336077E2124EA1400812EB3 /* Tile.swift in Sources */,
				8320CCC9211564F9003E9792 /* Redux.swift in Sources */,
				8336077A2124E9ED00812EB3 /* Game.swift in Sources */,
			);
			runOnlyForDeploymentPostprocessing = 0;
		};
		83476DF72120ABF700BE5349 /* Sources */ = {
			isa = PBXSourcesBuildPhase;
			buildActionMask = 2147483647;
			files = (
				83476E062120AC5500BE5349 /* GameStateSpec.swift in Sources */,
				83476DFE2120ABF700BE5349 /* WordMatrixTests.swift in Sources */,
				83476E0A2120E57F00BE5349 /* SequenceSpec.swift in Sources */,
				83476E0C2120E89400BE5349 /* PointSpec.swift in Sources */,
			);
			runOnlyForDeploymentPostprocessing = 0;
		};
/* End PBXSourcesBuildPhase section */

/* Begin PBXTargetDependency section */
		83476E012120ABF700BE5349 /* PBXTargetDependency */ = {
			isa = PBXTargetDependency;
			target = 8320CCB2211564E5003E9792 /* WordMatrix */;
			targetProxy = 83476E002120ABF700BE5349 /* PBXContainerItemProxy */;
		};
/* End PBXTargetDependency section */

/* Begin PBXVariantGroup section */
		8320CCBA211564E5003E9792 /* Main.storyboard */ = {
			isa = PBXVariantGroup;
			children = (
				8320CCBB211564E5003E9792 /* Base */,
			);
			name = Main.storyboard;
			sourceTree = "<group>";
		};
		8320CCBF211564E9003E9792 /* LaunchScreen.storyboard */ = {
			isa = PBXVariantGroup;
			children = (
				8320CCC0211564E9003E9792 /* Base */,
			);
			name = LaunchScreen.storyboard;
			sourceTree = "<group>";
		};
/* End PBXVariantGroup section */

/* Begin XCBuildConfiguration section */
		8320CCC3211564E9003E9792 /* Debug */ = {
			isa = XCBuildConfiguration;
			buildSettings = {
				ALWAYS_SEARCH_USER_PATHS = NO;
				CLANG_ANALYZER_NONNULL = YES;
				CLANG_ANALYZER_NUMBER_OBJECT_CONVERSION = YES_AGGRESSIVE;
				CLANG_CXX_LANGUAGE_STANDARD = "gnu++14";
				CLANG_CXX_LIBRARY = "libc++";
				CLANG_ENABLE_MODULES = YES;
				CLANG_ENABLE_OBJC_ARC = YES;
				CLANG_ENABLE_OBJC_WEAK = YES;
				CLANG_WARN_BLOCK_CAPTURE_AUTORELEASING = YES;
				CLANG_WARN_BOOL_CONVERSION = YES;
				CLANG_WARN_COMMA = YES;
				CLANG_WARN_CONSTANT_CONVERSION = YES;
				CLANG_WARN_DEPRECATED_OBJC_IMPLEMENTATIONS = YES;
				CLANG_WARN_DIRECT_OBJC_ISA_USAGE = YES_ERROR;
				CLANG_WARN_DOCUMENTATION_COMMENTS = YES;
				CLANG_WARN_EMPTY_BODY = YES;
				CLANG_WARN_ENUM_CONVERSION = YES;
				CLANG_WARN_INFINITE_RECURSION = YES;
				CLANG_WARN_INT_CONVERSION = YES;
				CLANG_WARN_NON_LITERAL_NULL_CONVERSION = YES;
				CLANG_WARN_OBJC_IMPLICIT_RETAIN_SELF = YES;
				CLANG_WARN_OBJC_LITERAL_CONVERSION = YES;
				CLANG_WARN_OBJC_ROOT_CLASS = YES_ERROR;
				CLANG_WARN_RANGE_LOOP_ANALYSIS = YES;
				CLANG_WARN_STRICT_PROTOTYPES = YES;
				CLANG_WARN_SUSPICIOUS_MOVE = YES;
				CLANG_WARN_UNGUARDED_AVAILABILITY = YES_AGGRESSIVE;
				CLANG_WARN_UNREACHABLE_CODE = YES;
				CLANG_WARN__DUPLICATE_METHOD_MATCH = YES;
				CODE_SIGN_IDENTITY = "iPhone Developer";
				COPY_PHASE_STRIP = NO;
				DEBUG_INFORMATION_FORMAT = dwarf;
				ENABLE_STRICT_OBJC_MSGSEND = YES;
				ENABLE_TESTABILITY = YES;
				GCC_C_LANGUAGE_STANDARD = gnu11;
				GCC_DYNAMIC_NO_PIC = NO;
				GCC_NO_COMMON_BLOCKS = YES;
				GCC_OPTIMIZATION_LEVEL = 0;
				GCC_PREPROCESSOR_DEFINITIONS = (
					"DEBUG=1",
					"$(inherited)",
				);
				GCC_WARN_64_TO_32_BIT_CONVERSION = YES;
				GCC_WARN_ABOUT_RETURN_TYPE = YES_ERROR;
				GCC_WARN_UNDECLARED_SELECTOR = YES;
				GCC_WARN_UNINITIALIZED_AUTOS = YES_AGGRESSIVE;
				GCC_WARN_UNUSED_FUNCTION = YES;
				GCC_WARN_UNUSED_VARIABLE = YES;
				IPHONEOS_DEPLOYMENT_TARGET = 11.4;
				MTL_ENABLE_DEBUG_INFO = YES;
				ONLY_ACTIVE_ARCH = YES;
				SDKROOT = iphoneos;
				SWIFT_ACTIVE_COMPILATION_CONDITIONS = DEBUG;
				SWIFT_OPTIMIZATION_LEVEL = "-Onone";
			};
			name = Debug;
		};
		8320CCC4211564E9003E9792 /* Release */ = {
			isa = XCBuildConfiguration;
			buildSettings = {
				ALWAYS_SEARCH_USER_PATHS = NO;
				CLANG_ANALYZER_NONNULL = YES;
				CLANG_ANALYZER_NUMBER_OBJECT_CONVERSION = YES_AGGRESSIVE;
				CLANG_CXX_LANGUAGE_STANDARD = "gnu++14";
				CLANG_CXX_LIBRARY = "libc++";
				CLANG_ENABLE_MODULES = YES;
				CLANG_ENABLE_OBJC_ARC = YES;
				CLANG_ENABLE_OBJC_WEAK = YES;
				CLANG_WARN_BLOCK_CAPTURE_AUTORELEASING = YES;
				CLANG_WARN_BOOL_CONVERSION = YES;
				CLANG_WARN_COMMA = YES;
				CLANG_WARN_CONSTANT_CONVERSION = YES;
				CLANG_WARN_DEPRECATED_OBJC_IMPLEMENTATIONS = YES;
				CLANG_WARN_DIRECT_OBJC_ISA_USAGE = YES_ERROR;
				CLANG_WARN_DOCUMENTATION_COMMENTS = YES;
				CLANG_WARN_EMPTY_BODY = YES;
				CLANG_WARN_ENUM_CONVERSION = YES;
				CLANG_WARN_INFINITE_RECURSION = YES;
				CLANG_WARN_INT_CONVERSION = YES;
				CLANG_WARN_NON_LITERAL_NULL_CONVERSION = YES;
				CLANG_WARN_OBJC_IMPLICIT_RETAIN_SELF = YES;
				CLANG_WARN_OBJC_LITERAL_CONVERSION = YES;
				CLANG_WARN_OBJC_ROOT_CLASS = YES_ERROR;
				CLANG_WARN_RANGE_LOOP_ANALYSIS = YES;
				CLANG_WARN_STRICT_PROTOTYPES = YES;
				CLANG_WARN_SUSPICIOUS_MOVE = YES;
				CLANG_WARN_UNGUARDED_AVAILABILITY = YES_AGGRESSIVE;
				CLANG_WARN_UNREACHABLE_CODE = YES;
				CLANG_WARN__DUPLICATE_METHOD_MATCH = YES;
				CODE_SIGN_IDENTITY = "iPhone Developer";
				COPY_PHASE_STRIP = NO;
				DEBUG_INFORMATION_FORMAT = "dwarf-with-dsym";
				ENABLE_NS_ASSERTIONS = NO;
				ENABLE_STRICT_OBJC_MSGSEND = YES;
				GCC_C_LANGUAGE_STANDARD = gnu11;
				GCC_NO_COMMON_BLOCKS = YES;
				GCC_WARN_64_TO_32_BIT_CONVERSION = YES;
				GCC_WARN_ABOUT_RETURN_TYPE = YES_ERROR;
				GCC_WARN_UNDECLARED_SELECTOR = YES;
				GCC_WARN_UNINITIALIZED_AUTOS = YES_AGGRESSIVE;
				GCC_WARN_UNUSED_FUNCTION = YES;
				GCC_WARN_UNUSED_VARIABLE = YES;
				IPHONEOS_DEPLOYMENT_TARGET = 11.4;
				MTL_ENABLE_DEBUG_INFO = NO;
				SDKROOT = iphoneos;
				SWIFT_COMPILATION_MODE = wholemodule;
				SWIFT_OPTIMIZATION_LEVEL = "-O";
				VALIDATE_PRODUCT = YES;
			};
			name = Release;
		};
		8320CCC6211564E9003E9792 /* Debug */ = {
			isa = XCBuildConfiguration;
			buildSettings = {
				ASSETCATALOG_COMPILER_APPICON_NAME = AppIcon;
				CODE_SIGN_IDENTITY = "iPhone Developer";
				CODE_SIGN_STYLE = Automatic;
				DEVELOPMENT_TEAM = "";
				FRAMEWORK_SEARCH_PATHS = (
					"$(inherited)",
					"$(PROJECT_DIR)/Carthage/Build/iOS",
				);
				INFOPLIST_FILE = WordMatrix/Info.plist;
				LD_RUNPATH_SEARCH_PATHS = (
					"$(inherited)",
					"@executable_path/Frameworks",
				);
				PRODUCT_BUNDLE_IDENTIFIER = com.cjnevin.WordMatrix;
				PRODUCT_NAME = "$(TARGET_NAME)";
				PROVISIONING_PROFILE_SPECIFIER = "";
				SWIFT_VERSION = 4.2;
				TARGETED_DEVICE_FAMILY = "1,2";
			};
			name = Debug;
		};
		8320CCC7211564E9003E9792 /* Release */ = {
			isa = XCBuildConfiguration;
			buildSettings = {
				ASSETCATALOG_COMPILER_APPICON_NAME = AppIcon;
				CODE_SIGN_IDENTITY = "iPhone Developer";
				CODE_SIGN_STYLE = Automatic;
				DEVELOPMENT_TEAM = "";
				FRAMEWORK_SEARCH_PATHS = (
					"$(inherited)",
					"$(PROJECT_DIR)/Carthage/Build/iOS",
				);
				INFOPLIST_FILE = WordMatrix/Info.plist;
				LD_RUNPATH_SEARCH_PATHS = (
					"$(inherited)",
					"@executable_path/Frameworks",
				);
				PRODUCT_BUNDLE_IDENTIFIER = com.cjnevin.WordMatrix;
				PRODUCT_NAME = "$(TARGET_NAME)";
				PROVISIONING_PROFILE_SPECIFIER = "";
				SWIFT_VERSION = 4.2;
				TARGETED_DEVICE_FAMILY = "1,2";
			};
			name = Release;
		};
		83476E032120ABF700BE5349 /* Debug */ = {
			isa = XCBuildConfiguration;
			buildSettings = {
				BUNDLE_LOADER = "$(TEST_HOST)";
				CODE_SIGN_STYLE = Automatic;
				FRAMEWORK_SEARCH_PATHS = (
					"$(inherited)",
					"$(PROJECT_DIR)/Carthage/Build/iOS",
				);
				INFOPLIST_FILE = WordMatrixTests/Info.plist;
				LD_RUNPATH_SEARCH_PATHS = (
					"$(inherited)",
					"@executable_path/Frameworks",
					"@loader_path/Frameworks",
				);
				PRODUCT_BUNDLE_IDENTIFIER = com.cjnevin.WordMatrixTests;
				PRODUCT_NAME = "$(TARGET_NAME)";
				SWIFT_VERSION = 4.2;
				TARGETED_DEVICE_FAMILY = "1,2";
				TEST_HOST = "$(BUILT_PRODUCTS_DIR)/WordMatrix.app/WordMatrix";
			};
			name = Debug;
		};
		83476E042120ABF700BE5349 /* Release */ = {
			isa = XCBuildConfiguration;
			buildSettings = {
				BUNDLE_LOADER = "$(TEST_HOST)";
				CODE_SIGN_STYLE = Automatic;
				FRAMEWORK_SEARCH_PATHS = (
					"$(inherited)",
					"$(PROJECT_DIR)/Carthage/Build/iOS",
				);
				INFOPLIST_FILE = WordMatrixTests/Info.plist;
				LD_RUNPATH_SEARCH_PATHS = (
					"$(inherited)",
					"@executable_path/Frameworks",
					"@loader_path/Frameworks",
				);
				PRODUCT_BUNDLE_IDENTIFIER = com.cjnevin.WordMatrixTests;
				PRODUCT_NAME = "$(TARGET_NAME)";
				SWIFT_VERSION = 4.2;
				TARGETED_DEVICE_FAMILY = "1,2";
				TEST_HOST = "$(BUILT_PRODUCTS_DIR)/WordMatrix.app/WordMatrix";
			};
			name = Release;
		};
/* End XCBuildConfiguration section */

/* Begin XCConfigurationList section */
		8320CCAE211564E5003E9792 /* Build configuration list for PBXProject "WordMatrix" */ = {
			isa = XCConfigurationList;
			buildConfigurations = (
				8320CCC3211564E9003E9792 /* Debug */,
				8320CCC4211564E9003E9792 /* Release */,
			);
			defaultConfigurationIsVisible = 0;
			defaultConfigurationName = Release;
		};
		8320CCC5211564E9003E9792 /* Build configuration list for PBXNativeTarget "WordMatrix" */ = {
			isa = XCConfigurationList;
			buildConfigurations = (
				8320CCC6211564E9003E9792 /* Debug */,
				8320CCC7211564E9003E9792 /* Release */,
			);
			defaultConfigurationIsVisible = 0;
			defaultConfigurationName = Release;
		};
		83476E022120ABF700BE5349 /* Build configuration list for PBXNativeTarget "WordMatrixTests" */ = {
			isa = XCConfigurationList;
			buildConfigurations = (
				83476E032120ABF700BE5349 /* Debug */,
				83476E042120ABF700BE5349 /* Release */,
			);
			defaultConfigurationIsVisible = 0;
			defaultConfigurationName = Release;
		};
/* End XCConfigurationList section */
	};
	rootObject = 8320CCAB211564E5003E9792 /* Project object */;
}
